
Microsoft Visual Studio Solution File, Format Version 12.00
# Visual Studio Version 16
VisualStudioVersion = 16.0.31005.135
MinimumVisualStudioVersion = 10.0.40219.1
Project("{FAE04EC0-301F-11D3-BF4B-00C04F79EFBC}") = "สอบกลางภาคข้อ6", "สอบกลางภาคข้อ6\สอบกลางภาคข้อ6.csproj", "{62DDC1A0-6FA2-4530-B570-0F431DB74D32}"
EndProject
Global
	GlobalSection(SolutionConfigurationPlatforms) = preSolution
		Debug|Any CPU = Debug|Any CPU
		Release|Any CPU = Release|Any CPU
	EndGlobalSection
	GlobalSection(ProjectConfigurationPlatforms) = postSolution
		{62DDC1A0-6FA2-4530-B570-0F431DB74D32}.Debug|Any CPU.ActiveCfg = Debug|Any CPU
		{62DDC1A0-6FA2-4530-B570-0F431DB74D32}.Debug|Any CPU.Build.0 = Debug|Any CPU
		{62DDC1A0-6FA2-4530-B570-0F431DB74D32}.Release|Any CPU.ActiveCfg = Release|Any CPU
		{62DDC1A0-6FA2-4530-B570-0F431DB74D32}.Release|Any CPU.Build.0 = Release|Any CPU
	EndGlobalSection
	GlobalSection(SolutionProperties) = preSolution
		HideSolutionNode = FALSE
	EndGlobalSection
	GlobalSection(ExtensibilityGlobals) = postSolution
		SolutionGuid = {860A2931-342E-4954-B5AF-7308003C9F69}
	EndGlobalSection
EndGlobal
